// !$*UTF8*$!
{
	archiveVersion = 1;
	classes = {
	};
	objectVersion = 55;
	objects = {

/* Begin PBXBuildFile section */
		3E12DCCA288EC8FE007B0177 /* icon.bundle in Resources */ = {isa = PBXBuildFile; fileRef = 3E12DCC9288EC8FE007B0177 /* icon.bundle */; };
		3E12DCF7288FCA33007B0177 /* GTVideoViewController.m in Sources */ = {isa = PBXBuildFile; fileRef = 3E12DCF6288FCA33007B0177 /* GTVideoViewController.m */; };
		3E12DCFA288FE1B7007B0177 /* GTRecommendViewController.m in Sources */ = {isa = PBXBuildFile; fileRef = 3E12DCF9288FE1B7007B0177 /* GTRecommendViewController.m */; };
		3E12DCFD289000B0007B0177 /* GTNormalTableViewCell.m in Sources */ = {isa = PBXBuildFile; fileRef = 3E12DCFC289000B0007B0177 /* GTNormalTableViewCell.m */; };
		3E75D850288E5CAF005C378E /* AppDelegate.m in Sources */ = {isa = PBXBuildFile; fileRef = 3E75D84F288E5CAF005C378E /* AppDelegate.m */; };
		3E75D853288E5CAF005C378E /* SceneDelegate.m in Sources */ = {isa = PBXBuildFile; fileRef = 3E75D852288E5CAF005C378E /* SceneDelegate.m */; };
		3E75D856288E5CAF005C378E /* GTNewsViewController.m in Sources */ = {isa = PBXBuildFile; fileRef = 3E75D855288E5CAF005C378E /* GTNewsViewController.m */; };
		3E75D859288E5CAF005C378E /* Main.storyboard in Resources */ = {isa = PBXBuildFile; fileRef = 3E75D857288E5CAF005C378E /* Main.storyboard */; };
		3E75D85B288E5CB2005C378E /* Assets.xcassets in Resources */ = {isa = PBXBuildFile; fileRef = 3E75D85A288E5CB2005C378E /* Assets.xcassets */; };
		3E75D85E288E5CB2005C378E /* LaunchScreen.storyboard in Resources */ = {isa = PBXBuildFile; fileRef = 3E75D85C288E5CB2005C378E /* LaunchScreen.storyboard */; };
		3E75D861288E5CB2005C378E /* main.m in Sources */ = {isa = PBXBuildFile; fileRef = 3E75D860288E5CB2005C378E /* main.m */; };
		3EF3CC7D2893DB1D00C4FC6D /* GTDetailViewController.m in Sources */ = {isa = PBXBuildFile; fileRef = 3EF3CC7C2893DB1D00C4FC6D /* GTDetailViewController.m */; };
		3EF3CC802893FA1600C4FC6D /* GTDeleteCellView.m in Sources */ = {isa = PBXBuildFile; fileRef = 3EF3CC7F2893FA1600C4FC6D /* GTDeleteCellView.m */; };
/* End PBXBuildFile section */

/* Begin PBXFileReference section */
		3E12DCC9288EC8FE007B0177 /* icon.bundle */ = {isa = PBXFileReference; lastKnownFileType = "wrapper.plug-in"; name = icon.bundle; path = "../../../../Downloads/geektime-ios-course-master/project/SampleApp/icon.bundle"; sourceTree = "<group>"; };
		3E12DCF5288FCA33007B0177 /* GTVideoViewController.h */ = {isa = PBXFileReference; lastKnownFileType = sourcecode.c.h; path = GTVideoViewController.h; sourceTree = "<group>"; };
		3E12DCF6288FCA33007B0177 /* GTVideoViewController.m */ = {isa = PBXFileReference; lastKnownFileType = sourcecode.c.objc; path = GTVideoViewController.m; sourceTree = "<group>"; };
		3E12DCF8288FE1B7007B0177 /* GTRecommendViewController.h */ = {isa = PBXFileReference; lastKnownFileType = sourcecode.c.h; path = GTRecommendViewController.h; sourceTree = "<group>"; };
		3E12DCF9288FE1B7007B0177 /* GTRecommendViewController.m */ = {isa = PBXFileReference; lastKnownFileType = sourcecode.c.objc; path = GTRecommendViewController.m; sourceTree = "<group>"; };
		3E12DCFB289000B0007B0177 /* GTNormalTableViewCell.h */ = {isa = PBXFileReference; lastKnownFileType = sourcecode.c.h; path = GTNormalTableViewCell.h; sourceTree = "<group>"; };
		3E12DCFC289000B0007B0177 /* GTNormalTableViewCell.m */ = {isa = PBXFileReference; lastKnownFileType = sourcecode.c.objc; path = GTNormalTableViewCell.m; sourceTree = "<group>"; };
		3E75D84B288E5CAF005C378E /* SampleApp.app */ = {isa = PBXFileReference; explicitFileType = wrapper.application; includeInIndex = 0; path = SampleApp.app; sourceTree = BUILT_PRODUCTS_DIR; };
		3E75D84E288E5CAF005C378E /* AppDelegate.h */ = {isa = PBXFileReference; lastKnownFileType = sourcecode.c.h; path = AppDelegate.h; sourceTree = "<group>"; };
		3E75D84F288E5CAF005C378E /* AppDelegate.m */ = {isa = PBXFileReference; lastKnownFileType = sourcecode.c.objc; path = AppDelegate.m; sourceTree = "<group>"; };
		3E75D851288E5CAF005C378E /* SceneDelegate.h */ = {isa = PBXFileReference; lastKnownFileType = sourcecode.c.h; path = SceneDelegate.h; sourceTree = "<group>"; };
		3E75D852288E5CAF005C378E /* SceneDelegate.m */ = {isa = PBXFileReference; lastKnownFileType = sourcecode.c.objc; path = SceneDelegate.m; sourceTree = "<group>"; };
		3E75D854288E5CAF005C378E /* GTNewsViewController.h */ = {isa = PBXFileReference; lastKnownFileType = sourcecode.c.h; path = GTNewsViewController.h; sourceTree = "<group>"; };
		3E75D855288E5CAF005C378E /* GTNewsViewController.m */ = {isa = PBXFileReference; lastKnownFileType = sourcecode.c.objc; path = GTNewsViewController.m; sourceTree = "<group>"; };
		3E75D858288E5CAF005C378E /* Base */ = {isa = PBXFileReference; lastKnownFileType = file.storyboard; name = Base; path = Base.lproj/Main.storyboard; sourceTree = "<group>"; };
		3E75D85A288E5CB2005C378E /* Assets.xcassets */ = {isa = PBXFileReference; lastKnownFileType = folder.assetcatalog; path = Assets.xcassets; sourceTree = "<group>"; };
		3E75D85D288E5CB2005C378E /* Base */ = {isa = PBXFileReference; lastKnownFileType = file.storyboard; name = Base; path = Base.lproj/LaunchScreen.storyboard; sourceTree = "<group>"; };
		3E75D85F288E5CB2005C378E /* Info.plist */ = {isa = PBXFileReference; lastKnownFileType = text.plist.xml; path = Info.plist; sourceTree = "<group>"; };
		3E75D860288E5CB2005C378E /* main.m */ = {isa = PBXFileReference; lastKnownFileType = sourcecode.c.objc; path = main.m; sourceTree = "<group>"; };
		3EF3CC7B2893DB1D00C4FC6D /* GTDetailViewController.h */ = {isa = PBXFileReference; lastKnownFileType = sourcecode.c.h; path = GTDetailViewController.h; sourceTree = "<group>"; };
		3EF3CC7C2893DB1D00C4FC6D /* GTDetailViewController.m */ = {isa = PBXFileReference; lastKnownFileType = sourcecode.c.objc; path = GTDetailViewController.m; sourceTree = "<group>"; };
		3EF3CC7E2893FA1600C4FC6D /* GTDeleteCellView.h */ = {isa = PBXFileReference; lastKnownFileType = sourcecode.c.h; path = GTDeleteCellView.h; sourceTree = "<group>"; };
		3EF3CC7F2893FA1600C4FC6D /* GTDeleteCellView.m */ = {isa = PBXFileReference; lastKnownFileType = sourcecode.c.objc; path = GTDeleteCellView.m; sourceTree = "<group>"; };
/* End PBXFileReference section */

/* Begin PBXFrameworksBuildPhase section */
		3E75D848288E5CAF005C378E /* Frameworks */ = {
			isa = PBXFrameworksBuildPhase;
			buildActionMask = 2147483647;
			files = (
			);
			runOnlyForDeploymentPostprocessing = 0;
		};
/* End PBXFrameworksBuildPhase section */

/* Begin PBXGroup section */
		3E27020A28941ABC002DC7DF /* News */ = {
			isa = PBXGroup;
			children = (
				3E27020C28941AFF002DC7DF /* detail */,
				3E27020B28941AF8002DC7DF /* List */,
				3E12DCFB289000B0007B0177 /* GTNormalTableViewCell.h */,
				3E12DCFC289000B0007B0177 /* GTNormalTableViewCell.m */,
				3EF3CC7E2893FA1600C4FC6D /* GTDeleteCellView.h */,
				3EF3CC7F2893FA1600C4FC6D /* GTDeleteCellView.m */,
				3E75D854288E5CAF005C378E /* GTNewsViewController.h */,
				3E75D855288E5CAF005C378E /* GTNewsViewController.m */,
			);
			path = News;
			sourceTree = "<group>";
		};
		3E27020B28941AF8002DC7DF /* List */ = {
			isa = PBXGroup;
			children = (
			);
			path = List;
			sourceTree = "<group>";
		};
		3E27020C28941AFF002DC7DF /* detail */ = {
			isa = PBXGroup;
			children = (
				3EF3CC7B2893DB1D00C4FC6D /* GTDetailViewController.h */,
				3EF3CC7C2893DB1D00C4FC6D /* GTDetailViewController.m */,
			);
			path = detail;
			sourceTree = "<group>";
		};
		3E75D842288E5CAF005C378E = {
			isa = PBXGroup;
			children = (
				3E75D84D288E5CAF005C378E /* SampleApp */,
				3E75D84C288E5CAF005C378E /* Products */,
			);
			sourceTree = "<group>";
		};
		3E75D84C288E5CAF005C378E /* Products */ = {
			isa = PBXGroup;
			children = (
				3E75D84B288E5CAF005C378E /* SampleApp.app */,
			);
			name = Products;
			sourceTree = "<group>";
		};
		3E75D84D288E5CAF005C378E /* SampleApp */ = {
			isa = PBXGroup;
			children = (
				3E27020A28941ABC002DC7DF /* News */,
				3E12DCC9288EC8FE007B0177 /* icon.bundle */,
				3E75D84E288E5CAF005C378E /* AppDelegate.h */,
				3E75D84F288E5CAF005C378E /* AppDelegate.m */,
				3E75D851288E5CAF005C378E /* SceneDelegate.h */,
				3E75D852288E5CAF005C378E /* SceneDelegate.m */,
				3E75D857288E5CAF005C378E /* Main.storyboard */,
				3E75D85A288E5CB2005C378E /* Assets.xcassets */,
				3E75D85C288E5CB2005C378E /* LaunchScreen.storyboard */,
				3E75D85F288E5CB2005C378E /* Info.plist */,
				3E75D860288E5CB2005C378E /* main.m */,
				3E12DCF5288FCA33007B0177 /* GTVideoViewController.h */,
				3E12DCF6288FCA33007B0177 /* GTVideoViewController.m */,
				3E12DCF8288FE1B7007B0177 /* GTRecommendViewController.h */,
				3E12DCF9288FE1B7007B0177 /* GTRecommendViewController.m */,
			);
			path = SampleApp;
			sourceTree = "<group>";
		};
/* End PBXGroup section */

/* Begin PBXNativeTarget section */
		3E75D84A288E5CAF005C378E /* SampleApp */ = {
			isa = PBXNativeTarget;
			buildConfigurationList = 3E75D864288E5CB2005C378E /* Build configuration list for PBXNativeTarget "SampleApp" */;
			buildPhases = (
				3E75D847288E5CAF005C378E /* Sources */,
				3E75D848288E5CAF005C378E /* Frameworks */,
				3E75D849288E5CAF005C378E /* Resources */,
			);
			buildRules = (
			);
			dependencies = (
			);
			name = SampleApp;
			productName = SampleApp;
			productReference = 3E75D84B288E5CAF005C378E /* SampleApp.app */;
			productType = "com.apple.product-type.application";
		};
/* End PBXNativeTarget section */

/* Begin PBXProject section */
		3E75D843288E5CAF005C378E /* Project object */ = {
			isa = PBXProject;
			attributes = {
				BuildIndependentTargetsInParallel = 1;
				LastUpgradeCheck = 1340;
				TargetAttributes = {
					3E75D84A288E5CAF005C378E = {
						CreatedOnToolsVersion = 13.4.1;
					};
				};
			};
			buildConfigurationList = 3E75D846288E5CAF005C378E /* Build configuration list for PBXProject "SampleApp" */;
			compatibilityVersion = "Xcode 13.0";
			developmentRegion = en;
			hasScannedForEncodings = 0;
			knownRegions = (
				en,
				Base,
			);
			mainGroup = 3E75D842288E5CAF005C378E;
			productRefGroup = 3E75D84C288E5CAF005C378E /* Products */;
			projectDirPath = "";
			projectRoot = "";
			targets = (
				3E75D84A288E5CAF005C378E /* SampleApp */,
			);
		};
/* End PBXProject section */

/* Begin PBXResourcesBuildPhase section */
		3E75D849288E5CAF005C378E /* Resources */ = {
			isa = PBXResourcesBuildPhase;
			buildActionMask = 2147483647;
			files = (
				3E12DCCA288EC8FE007B0177 /* icon.bundle in Resources */,
				3E75D85E288E5CB2005C378E /* LaunchScreen.storyboard in Resources */,
				3E75D85B288E5CB2005C378E /* Assets.xcassets in Resources */,
				3E75D859288E5CAF005C378E /* Main.storyboard in Resources */,
			);
			runOnlyForDeploymentPostprocessing = 0;
		};
/* End PBXResourcesBuildPhase section */

/* Begin PBXSourcesBuildPhase section */
		3E75D847288E5CAF005C378E /* Sources */ = {
			isa = PBXSourcesBuildPhase;
			buildActionMask = 2147483647;
			files = (
				3EF3CC7D2893DB1D00C4FC6D /* GTDetailViewController.m in Sources */,
				3EF3CC802893FA1600C4FC6D /* GTDeleteCellView.m in Sources */,
				3E12DCFD289000B0007B0177 /* GTNormalTableViewCell.m in Sources */,
				3E75D856288E5CAF005C378E /* GTNewsViewController.m in Sources */,
				3E12DCF7288FCA33007B0177 /* GTVideoViewController.m in Sources */,
				3E12DCFA288FE1B7007B0177 /* GTRecommendViewController.m in Sources */,
				3E75D850288E5CAF005C378E /* AppDelegate.m in Sources */,
				3E75D861288E5CB2005C378E /* main.m in Sources */,
				3E75D853288E5CAF005C378E /* SceneDelegate.m in Sources */,
			);
			runOnlyForDeploymentPostprocessing = 0;
		};
/* End PBXSourcesBuildPhase section */

/* Begin PBXVariantGroup section */
		3E75D857288E5CAF005C378E /* Main.storyboard */ = {
			isa = PBXVariantGroup;
			children = (
				3E75D858288E5CAF005C378E /* Base */,
			);
			name = Main.storyboard;
			sourceTree = "<group>";
		};
		3E75D85C288E5CB2005C378E /* LaunchScreen.storyboard */ = {
			isa = PBXVariantGroup;
			children = (
				3E75D85D288E5CB2005C378E /* Base */,
			);
			name = LaunchScreen.storyboard;
			sourceTree = "<group>";
		};
/* End PBXVariantGroup section */

/* Begin XCBuildConfiguration section */
		3E75D862288E5CB2005C378E /* Debug */ = {
			isa = XCBuildConfiguration;
			buildSettings = {
				ALWAYS_SEARCH_USER_PATHS = NO;
				CLANG_ANALYZER_NONNULL = YES;
				CLANG_ANALYZER_NUMBER_OBJECT_CONVERSION = YES_AGGRESSIVE;
				CLANG_CXX_LANGUAGE_STANDARD = "gnu++17";
				CLANG_ENABLE_MODULES = YES;
				CLANG_ENABLE_OBJC_ARC = YES;
				CLANG_ENABLE_OBJC_WEAK = YES;
				CLANG_WARN_BLOCK_CAPTURE_AUTORELEASING = YES;
				CLANG_WARN_BOOL_CONVERSION = YES;
				CLANG_WARN_COMMA = YES;
				CLANG_WARN_CONSTANT_CONVERSION = YES;
				CLANG_WARN_DEPRECATED_OBJC_IMPLEMENTATIONS = YES;
				CLANG_WARN_DIRECT_OBJC_ISA_USAGE = YES_ERROR;
				CLANG_WARN_DOCUMENTATION_COMMENTS = YES;
				CLANG_WARN_EMPTY_BODY = YES;
				CLANG_WARN_ENUM_CONVERSION = YES;
				CLANG_WARN_INFINITE_RECURSION = YES;
				CLANG_WARN_INT_CONVERSION = YES;
				CLANG_WARN_NON_LITERAL_NULL_CONVERSION = YES;
				CLANG_WARN_OBJC_IMPLICIT_RETAIN_SELF = YES;
				CLANG_WARN_OBJC_LITERAL_CONVERSION = YES;
				CLANG_WARN_OBJC_ROOT_CLASS = YES_ERROR;
				CLANG_WARN_QUOTED_INCLUDE_IN_FRAMEWORK_HEADER = YES;
				CLANG_WARN_RANGE_LOOP_ANALYSIS = YES;
				CLANG_WARN_STRICT_PROTOTYPES = YES;
				CLANG_WARN_SUSPICIOUS_MOVE = YES;
				CLANG_WARN_UNGUARDED_AVAILABILITY = YES_AGGRESSIVE;
				CLANG_WARN_UNREACHABLE_CODE = YES;
				CLANG_WARN__DUPLICATE_METHOD_MATCH = YES;
				COPY_PHASE_STRIP = NO;
				DEBUG_INFORMATION_FORMAT = dwarf;
				ENABLE_STRICT_OBJC_MSGSEND = YES;
				ENABLE_TESTABILITY = YES;
				GCC_C_LANGUAGE_STANDARD = gnu11;
				GCC_DYNAMIC_NO_PIC = NO;
				GCC_NO_COMMON_BLOCKS = YES;
				GCC_OPTIMIZATION_LEVEL = 0;
				GCC_PREPROCESSOR_DEFINITIONS = (
					"DEBUG=1",
					"$(inherited)",
				);
				GCC_WARN_64_TO_32_BIT_CONVERSION = YES;
				GCC_WARN_ABOUT_RETURN_TYPE = YES_ERROR;
				GCC_WARN_UNDECLARED_SELECTOR = YES;
				GCC_WARN_UNINITIALIZED_AUTOS = YES_AGGRESSIVE;
				GCC_WARN_UNUSED_FUNCTION = YES;
				GCC_WARN_UNUSED_VARIABLE = YES;
				IPHONEOS_DEPLOYMENT_TARGET = 15.5;
				MTL_ENABLE_DEBUG_INFO = INCLUDE_SOURCE;
				MTL_FAST_MATH = YES;
				ONLY_ACTIVE_ARCH = YES;
				SDKROOT = iphoneos;
			};
			name = Debug;
		};
		3E75D863288E5CB2005C378E /* Release */ = {
			isa = XCBuildConfiguration;
			buildSettings = {
				ALWAYS_SEARCH_USER_PATHS = NO;
				CLANG_ANALYZER_NONNULL = YES;
				CLANG_ANALYZER_NUMBER_OBJECT_CONVERSION = YES_AGGRESSIVE;
				CLANG_CXX_LANGUAGE_STANDARD = "gnu++17";
				CLANG_ENABLE_MODULES = YES;
				CLANG_ENABLE_OBJC_ARC = YES;
				CLANG_ENABLE_OBJC_WEAK = YES;
				CLANG_WARN_BLOCK_CAPTURE_AUTORELEASING = YES;
				CLANG_WARN_BOOL_CONVERSION = YES;
				CLANG_WARN_COMMA = YES;
				CLANG_WARN_CONSTANT_CONVERSION = YES;
				CLANG_WARN_DEPRECATED_OBJC_IMPLEMENTATIONS = YES;
				CLANG_WARN_DIRECT_OBJC_ISA_USAGE = YES_ERROR;
				CLANG_WARN_DOCUMENTATION_COMMENTS = YES;
				CLANG_WARN_EMPTY_BODY = YES;
				CLANG_WARN_ENUM_CONVERSION = YES;
				CLANG_WARN_INFINITE_RECURSION = YES;
				CLANG_WARN_INT_CONVERSION = YES;
				CLANG_WARN_NON_LITERAL_NULL_CONVERSION = YES;
				CLANG_WARN_OBJC_IMPLICIT_RETAIN_SELF = YES;
				CLANG_WARN_OBJC_LITERAL_CONVERSION = YES;
				CLANG_WARN_OBJC_ROOT_CLASS = YES_ERROR;
				CLANG_WARN_QUOTED_INCLUDE_IN_FRAMEWORK_HEADER = YES;
				CLANG_WARN_RANGE_LOOP_ANALYSIS = YES;
				CLANG_WARN_STRICT_PROTOTYPES = YES;
				CLANG_WARN_SUSPICIOUS_MOVE = YES;
				CLANG_WARN_UNGUARDED_AVAILABILITY = YES_AGGRESSIVE;
				CLANG_WARN_UNREACHABLE_CODE = YES;
				CLANG_WARN__DUPLICATE_METHOD_MATCH = YES;
				COPY_PHASE_STRIP = NO;
				DEBUG_INFORMATION_FORMAT = "dwarf-with-dsym";
				ENABLE_NS_ASSERTIONS = NO;
				ENABLE_STRICT_OBJC_MSGSEND = YES;
				GCC_C_LANGUAGE_STANDARD = gnu11;
				GCC_NO_COMMON_BLOCKS = YES;
				GCC_WARN_64_TO_32_BIT_CONVERSION = YES;
				GCC_WARN_ABOUT_RETURN_TYPE = YES_ERROR;
				GCC_WARN_UNDECLARED_SELECTOR = YES;
				GCC_WARN_UNINITIALIZED_AUTOS = YES_AGGRESSIVE;
				GCC_WARN_UNUSED_FUNCTION = YES;
				GCC_WARN_UNUSED_VARIABLE = YES;
				IPHONEOS_DEPLOYMENT_TARGET = 15.5;
				MTL_ENABLE_DEBUG_INFO = NO;
				MTL_FAST_MATH = YES;
				SDKROOT = iphoneos;
				VALIDATE_PRODUCT = YES;
			};
			name = Release;
		};
		3E75D865288E5CB2005C378E /* Debug */ = {
			isa = XCBuildConfiguration;
			buildSettings = {
				ASSETCATALOG_COMPILER_APPICON_NAME = AppIcon;
				ASSETCATALOG_COMPILER_GLOBAL_ACCENT_COLOR_NAME = AccentColor;
				CODE_SIGN_STYLE = Automatic;
				CURRENT_PROJECT_VERSION = 1;
				GENERATE_INFOPLIST_FILE = YES;
				INFOPLIST_FILE = SampleApp/Info.plist;
				INFOPLIST_KEY_UIApplicationSupportsIndirectInputEvents = YES;
				INFOPLIST_KEY_UILaunchStoryboardName = LaunchScreen;
				INFOPLIST_KEY_UIMainStoryboardFile = Main;
				INFOPLIST_KEY_UISupportedInterfaceOrientations_iPad = "UIInterfaceOrientationPortrait UIInterfaceOrientationPortraitUpsideDown UIInterfaceOrientationLandscapeLeft UIInterfaceOrientationLandscapeRight";
				INFOPLIST_KEY_UISupportedInterfaceOrientations_iPhone = "UIInterfaceOrientationPortrait UIInterfaceOrientationLandscapeLeft UIInterfaceOrientationLandscapeRight";
				LD_RUNPATH_SEARCH_PATHS = (
					"$(inherited)",
					"@executable_path/Frameworks",
				);
				MARKETING_VERSION = 1.0;
				PRODUCT_BUNDLE_IDENTIFIER = com.faker.SampleApp;
				PRODUCT_NAME = "$(TARGET_NAME)";
				SWIFT_EMIT_LOC_STRINGS = YES;
				TARGETED_DEVICE_FAMILY = "1,2";
			};
			name = Debug;
		};
		3E75D866288E5CB2005C378E /* Release */ = {
			isa = XCBuildConfiguration;
			buildSettings = {
				ASSETCATALOG_COMPILER_APPICON_NAME = AppIcon;
				ASSETCATALOG_COMPILER_GLOBAL_ACCENT_COLOR_NAME = AccentColor;
				CODE_SIGN_STYLE = Automatic;
				CURRENT_PROJECT_VERSION = 1;
				GENERATE_INFOPLIST_FILE = YES;
				INFOPLIST_FILE = SampleApp/Info.plist;
				INFOPLIST_KEY_UIApplicationSupportsIndirectInputEvents = YES;
				INFOPLIST_KEY_UILaunchStoryboardName = LaunchScreen;
				INFOPLIST_KEY_UIMainStoryboardFile = Main;
				INFOPLIST_KEY_UISupportedInterfaceOrientations_iPad = "UIInterfaceOrientationPortrait UIInterfaceOrientationPortraitUpsideDown UIInterfaceOrientationLandscapeLeft UIInterfaceOrientationLandscapeRight";
				INFOPLIST_KEY_UISupportedInterfaceOrientations_iPhone = "UIInterfaceOrientationPortrait UIInterfaceOrientationLandscapeLeft UIInterfaceOrientationLandscapeRight";
				LD_RUNPATH_SEARCH_PATHS = (
					"$(inherited)",
					"@executable_path/Frameworks",
				);
				MARKETING_VERSION = 1.0;
				PRODUCT_BUNDLE_IDENTIFIER = com.faker.SampleApp;
				PRODUCT_NAME = "$(TARGET_NAME)";
				SWIFT_EMIT_LOC_STRINGS = YES;
				TARGETED_DEVICE_FAMILY = "1,2";
			};
			name = Release;
		};
/* End XCBuildConfiguration section */

/* Begin XCConfigurationList section */
		3E75D846288E5CAF005C378E /* Build configuration list for PBXProject "SampleApp" */ = {
			isa = XCConfigurationList;
			buildConfigurations = (
				3E75D862288E5CB2005C378E /* Debug */,
				3E75D863288E5CB2005C378E /* Release */,
			);
			defaultConfigurationIsVisible = 0;
			defaultConfigurationName = Release;
		};
		3E75D864288E5CB2005C378E /* Build configuration list for PBXNativeTarget "SampleApp" */ = {
			isa = XCConfigurationList;
			buildConfigurations = (
				3E75D865288E5CB2005C378E /* Debug */,
				3E75D866288E5CB2005C378E /* Release */,
			);
			defaultConfigurationIsVisible = 0;
			defaultConfigurationName = Release;
		};
/* End XCConfigurationList section */
	};
	rootObject = 3E75D843288E5CAF005C378E /* Project object */;
}
